
Microsoft Visual Studio Solution File, Format Version 12.00
# Visual Studio Version 17
VisualStudioVersion = 17.9.34728.123
MinimumVisualStudioVersion = 10.0.40219.1
Project("{9A19103F-16F7-4668-BE54-9A1E7A4F7556}") = "2.7_Api", "2.7_Api\2.7_Api.csproj", "{A5C423C0-FC39-4834-8ACC-4485A8B04DC0}"
EndProject
Project("{9A19103F-16F7-4668-BE54-9A1E7A4F7556}") = "2.7_back", "2.7_back\2.7_back.csproj", "{3277F0A4-8F53-4A56-BB41-EE36223455A2}"
EndProject
Global
	GlobalSection(SolutionConfigurationPlatforms) = preSolution
		Debug|Any CPU = Debug|Any CPU
		Release|Any CPU = Release|Any CPU
	EndGlobalSection
	GlobalSection(ProjectConfigurationPlatforms) = postSolution
		{A5C423C0-FC39-4834-8ACC-4485A8B04DC0}.Debug|Any CPU.ActiveCfg = Debug|Any CPU
		{A5C423C0-FC39-4834-8ACC-4485A8B04DC0}.Debug|Any CPU.Build.0 = Debug|Any CPU
		{A5C423C0-FC39-4834-8ACC-4485A8B04DC0}.Release|Any CPU.ActiveCfg = Release|Any CPU
		{A5C423C0-FC39-4834-8ACC-4485A8B04DC0}.Release|Any CPU.Build.0 = Release|Any CPU
		{3277F0A4-8F53-4A56-BB41-EE36223455A2}.Debug|Any CPU.ActiveCfg = Debug|Any CPU
		{3277F0A4-8F53-4A56-BB41-EE36223455A2}.Debug|Any CPU.Build.0 = Debug|Any CPU
		{3277F0A4-8F53-4A56-BB41-EE36223455A2}.Release|Any CPU.ActiveCfg = Release|Any CPU
		{3277F0A4-8F53-4A56-BB41-EE36223455A2}.Release|Any CPU.Build.0 = Release|Any CPU
	EndGlobalSection
	GlobalSection(SolutionProperties) = preSolution
		HideSolutionNode = FALSE
	EndGlobalSection
	GlobalSection(ExtensibilityGlobals) = postSolution
		SolutionGuid = {D36332F2-029D-44D5-9BBF-FBB852FC4D87}
	EndGlobalSection
EndGlobal
